github.com/ksrof/gocolors v0.1.0 h1:miEAwHYsyBHO19Yq7xsoUrMi/HdGBbh9+3oQn9+7DJk=
github.com/ksrof/gocolors v0.1.0/go.mod h1:FdPd8atrR7Lmh/f2dZiJ3HIfGX/B+mji4welNhgIEN0=
github.com/shopspring/decimal v1.4.0 h1:bxl37RwXBklmTi0C79JfXCEBD1cqqHt0bbgBAGFp81k=
github.com/shopspring/decimal v1.4.0/go.mod h1:gawqmDU56v4yIKSwfBSFip1HdCCXN8/+DMd9qYNcwME=
